
Microsoft Visual Studio Solution File, Format Version 12.00
# Visual Studio 15
VisualStudioVersion = 15.0.27703.1
MinimumVisualStudioVersion = 10.0.40219.1
Project("{FAE04EC0-301F-11D3-BF4B-00C04F79EFBC}") = "CABudget", "CABudget\CABudget.csproj", "{8F879653-0A3C-4628-A22A-CC072F1E4BA2}"
EndProject
Project("{FAE04EC0-301F-11D3-BF4B-00C04F79EFBC}") = "CABudget.Tests", "CABudget.Tests\CABudget.Tests.csproj", "{87BD5481-DB24-432C-9EF6-51FB6FF6913A}"
EndProject
Project("{FAE04EC0-301F-11D3-BF4B-00C04F79EFBC}") = "CABudget.Model", "CABudget.Model\CABudget.Model.csproj", "{C7BB5B21-D71E-45C5-BEA3-9D1F870392A9}"
EndProject
Global
	GlobalSection(SolutionConfigurationPlatforms) = preSolution
		Debug|Any CPU = Debug|Any CPU
		Release|Any CPU = Release|Any CPU
	EndGlobalSection
	GlobalSection(ProjectConfigurationPlatforms) = postSolution
		{8F879653-0A3C-4628-A22A-CC072F1E4BA2}.Debug|Any CPU.ActiveCfg = Debug|Any CPU
		{8F879653-0A3C-4628-A22A-CC072F1E4BA2}.Debug|Any CPU.Build.0 = Debug|Any CPU
		{8F879653-0A3C-4628-A22A-CC072F1E4BA2}.Release|Any CPU.ActiveCfg = Release|Any CPU
		{8F879653-0A3C-4628-A22A-CC072F1E4BA2}.Release|Any CPU.Build.0 = Release|Any CPU
		{87BD5481-DB24-432C-9EF6-51FB6FF6913A}.Debug|Any CPU.ActiveCfg = Debug|Any CPU
		{87BD5481-DB24-432C-9EF6-51FB6FF6913A}.Debug|Any CPU.Build.0 = Debug|Any CPU
		{87BD5481-DB24-432C-9EF6-51FB6FF6913A}.Release|Any CPU.ActiveCfg = Release|Any CPU
		{87BD5481-DB24-432C-9EF6-51FB6FF6913A}.Release|Any CPU.Build.0 = Release|Any CPU
		{C7BB5B21-D71E-45C5-BEA3-9D1F870392A9}.Debug|Any CPU.ActiveCfg = Debug|Any CPU
		{C7BB5B21-D71E-45C5-BEA3-9D1F870392A9}.Debug|Any CPU.Build.0 = Debug|Any CPU
		{C7BB5B21-D71E-45C5-BEA3-9D1F870392A9}.Release|Any CPU.ActiveCfg = Release|Any CPU
		{C7BB5B21-D71E-45C5-BEA3-9D1F870392A9}.Release|Any CPU.Build.0 = Release|Any CPU
	EndGlobalSection
	GlobalSection(SolutionProperties) = preSolution
		HideSolutionNode = FALSE
	EndGlobalSection
	GlobalSection(ExtensibilityGlobals) = postSolution
		SolutionGuid = {2A3C76BF-5E57-4686-9547-A8503D7B2AEA}
	EndGlobalSection
EndGlobal
